
Microsoft Visual Studio Solution File, Format Version 12.00
# Visual Studio Version 17
VisualStudioVersion = 17.0.32014.148
MinimumVisualStudioVersion = 10.0.40219.1
Project("{FAE04EC0-301F-11D3-BF4B-00C04F79EFBC}") = "Islem tahmin oyunu", "Islem tahmin oyunu.csproj", "{61E9C5E9-09B3-42E0-B7F8-ECD21D0D5753}"
EndProject
Global
	GlobalSection(SolutionConfigurationPlatforms) = preSolution
		Debug|Any CPU = Debug|Any CPU
		Release|Any CPU = Release|Any CPU
	EndGlobalSection
	GlobalSection(ProjectConfigurationPlatforms) = postSolution
		{61E9C5E9-09B3-42E0-B7F8-ECD21D0D5753}.Debug|Any CPU.ActiveCfg = Debug|Any CPU
		{61E9C5E9-09B3-42E0-B7F8-ECD21D0D5753}.Debug|Any CPU.Build.0 = Debug|Any CPU
		{61E9C5E9-09B3-42E0-B7F8-ECD21D0D5753}.Release|Any CPU.ActiveCfg = Release|Any CPU
		{61E9C5E9-09B3-42E0-B7F8-ECD21D0D5753}.Release|Any CPU.Build.0 = Release|Any CPU
	EndGlobalSection
	GlobalSection(SolutionProperties) = preSolution
		HideSolutionNode = FALSE
	EndGlobalSection
	GlobalSection(ExtensibilityGlobals) = postSolution
		SolutionGuid = {46BA1045-C7DD-4B2D-A8A0-28BF8E7B49E5}
	EndGlobalSection
EndGlobal
